
Microsoft Visual Studio Solution File, Format Version 12.00
# Visual Studio Version 17
VisualStudioVersion = 17.0.31903.59
MinimumVisualStudioVersion = 10.0.40219.1
Project("{FAE04EC0-301F-11D3-BF4B-00C04F79EFBC}") = "Bussin", "Bussin\Bussin.csproj", "{D44F70E5-0875-4CB9-8839-E3CC18D0734A}"
EndProject
Project("{FAE04EC0-301F-11D3-BF4B-00C04F79EFBC}") = "Bussin.Tests", "Bussin.Tests\Bussin.Tests.csproj", "{EA17E4DE-FA91-438D-A70C-702C3FCF9162}"
EndProject
Project("{FAE04EC0-301F-11D3-BF4B-00C04F79EFBC}") = "Bussin.Benchmarks", "Bussin.Benchmarks\Bussin.Benchmarks.csproj", "{664EEE7C-0CB9-4228-8E0A-E2A1F2B962B7}"
EndProject
Global
	GlobalSection(SolutionConfigurationPlatforms) = preSolution
		Debug|Any CPU = Debug|Any CPU
		Release|Any CPU = Release|Any CPU
	EndGlobalSection
	GlobalSection(SolutionProperties) = preSolution
		HideSolutionNode = FALSE
	EndGlobalSection
	GlobalSection(ProjectConfigurationPlatforms) = postSolution
		{D44F70E5-0875-4CB9-8839-E3CC18D0734A}.Debug|Any CPU.ActiveCfg = Debug|Any CPU
		{D44F70E5-0875-4CB9-8839-E3CC18D0734A}.Debug|Any CPU.Build.0 = Debug|Any CPU
		{D44F70E5-0875-4CB9-8839-E3CC18D0734A}.Release|Any CPU.ActiveCfg = Release|Any CPU
		{D44F70E5-0875-4CB9-8839-E3CC18D0734A}.Release|Any CPU.Build.0 = Release|Any CPU
		{EA17E4DE-FA91-438D-A70C-702C3FCF9162}.Debug|Any CPU.ActiveCfg = Debug|Any CPU
		{EA17E4DE-FA91-438D-A70C-702C3FCF9162}.Debug|Any CPU.Build.0 = Debug|Any CPU
		{EA17E4DE-FA91-438D-A70C-702C3FCF9162}.Release|Any CPU.ActiveCfg = Release|Any CPU
		{EA17E4DE-FA91-438D-A70C-702C3FCF9162}.Release|Any CPU.Build.0 = Release|Any CPU
		{664EEE7C-0CB9-4228-8E0A-E2A1F2B962B7}.Debug|Any CPU.ActiveCfg = Debug|Any CPU
		{664EEE7C-0CB9-4228-8E0A-E2A1F2B962B7}.Debug|Any CPU.Build.0 = Debug|Any CPU
		{664EEE7C-0CB9-4228-8E0A-E2A1F2B962B7}.Release|Any CPU.ActiveCfg = Release|Any CPU
		{664EEE7C-0CB9-4228-8E0A-E2A1F2B962B7}.Release|Any CPU.Build.0 = Release|Any CPU
	EndGlobalSection
EndGlobal
